// !$*UTF8*$!
{
	archiveVersion = 1;
	classes = {
	};
	objectVersion = 50;
	objects = {

/* Begin PBXBuildFile section */
		F5324B7C2547ECA90064F184 /* TMDBDomain.framework in Frameworks */ = {isa = PBXBuildFile; fileRef = F5324B722547ECA90064F184 /* TMDBDomain.framework */; };
		F5324B812547ECA90064F184 /* TMDBDomainTests.swift in Sources */ = {isa = PBXBuildFile; fileRef = F5324B802547ECA90064F184 /* TMDBDomainTests.swift */; };
		F5324B832547ECA90064F184 /* TMDBDomain.h in Headers */ = {isa = PBXBuildFile; fileRef = F5324B752547ECA90064F184 /* TMDBDomain.h */; settings = {ATTRIBUTES = (Public, ); }; };
		F5324BF92547EE590064F184 /* DiscoverEntity.swift in Sources */ = {isa = PBXBuildFile; fileRef = F5324BF62547EE590064F184 /* DiscoverEntity.swift */; };
		F5324BFA2547EE590064F184 /* DiscoverDomainRepoInterface.swift in Sources */ = {isa = PBXBuildFile; fileRef = F5324BF72547EE590064F184 /* DiscoverDomainRepoInterface.swift */; };
		F5324BFB2547EE590064F184 /* DiscoverInteractor.swift in Sources */ = {isa = PBXBuildFile; fileRef = F5324BF82547EE590064F184 /* DiscoverInteractor.swift */; };
/* End PBXBuildFile section */

/* Begin PBXContainerItemProxy section */
		F5324B7D2547ECA90064F184 /* PBXContainerItemProxy */ = {
			isa = PBXContainerItemProxy;
			containerPortal = F5324B692547ECA90064F184 /* Project object */;
			proxyType = 1;
			remoteGlobalIDString = F5324B712547ECA90064F184;
			remoteInfo = TMDBDomain;
		};
/* End PBXContainerItemProxy section */

/* Begin PBXFileReference section */
		F5324B722547ECA90064F184 /* TMDBDomain.framework */ = {isa = PBXFileReference; explicitFileType = wrapper.framework; includeInIndex = 0; path = TMDBDomain.framework; sourceTree = BUILT_PRODUCTS_DIR; };
		F5324B752547ECA90064F184 /* TMDBDomain.h */ = {isa = PBXFileReference; lastKnownFileType = sourcecode.c.h; path = TMDBDomain.h; sourceTree = "<group>"; };
		F5324B762547ECA90064F184 /* Info.plist */ = {isa = PBXFileReference; lastKnownFileType = text.plist.xml; path = Info.plist; sourceTree = "<group>"; };
		F5324B7B2547ECA90064F184 /* TMDBDomainTests.xctest */ = {isa = PBXFileReference; explicitFileType = wrapper.cfbundle; includeInIndex = 0; path = TMDBDomainTests.xctest; sourceTree = BUILT_PRODUCTS_DIR; };
		F5324B802547ECA90064F184 /* TMDBDomainTests.swift */ = {isa = PBXFileReference; lastKnownFileType = sourcecode.swift; path = TMDBDomainTests.swift; sourceTree = "<group>"; };
		F5324B822547ECA90064F184 /* Info.plist */ = {isa = PBXFileReference; lastKnownFileType = text.plist.xml; path = Info.plist; sourceTree = "<group>"; };
		F5324BF62547EE590064F184 /* DiscoverEntity.swift */ = {isa = PBXFileReference; fileEncoding = 4; lastKnownFileType = sourcecode.swift; path = DiscoverEntity.swift; sourceTree = "<group>"; };
		F5324BF72547EE590064F184 /* DiscoverDomainRepoInterface.swift */ = {isa = PBXFileReference; fileEncoding = 4; lastKnownFileType = sourcecode.swift; path = DiscoverDomainRepoInterface.swift; sourceTree = "<group>"; };
		F5324BF82547EE590064F184 /* DiscoverInteractor.swift */ = {isa = PBXFileReference; fileEncoding = 4; lastKnownFileType = sourcecode.swift; path = DiscoverInteractor.swift; sourceTree = "<group>"; };
/* End PBXFileReference section */

/* Begin PBXFrameworksBuildPhase section */
		F5324B6F2547ECA90064F184 /* Frameworks */ = {
			isa = PBXFrameworksBuildPhase;
			buildActionMask = 2147483647;
			files = (
			);
			runOnlyForDeploymentPostprocessing = 0;
		};
		F5324B782547ECA90064F184 /* Frameworks */ = {
			isa = PBXFrameworksBuildPhase;
			buildActionMask = 2147483647;
			files = (
				F5324B7C2547ECA90064F184 /* TMDBDomain.framework in Frameworks */,
			);
			runOnlyForDeploymentPostprocessing = 0;
		};
/* End PBXFrameworksBuildPhase section */

/* Begin PBXGroup section */
		F5324B682547ECA90064F184 = {
			isa = PBXGroup;
			children = (
				F5324B742547ECA90064F184 /* TMDBDomain */,
				F5324B7F2547ECA90064F184 /* TMDBDomainTests */,
				F5324B732547ECA90064F184 /* Products */,
			);
			sourceTree = "<group>";
		};
		F5324B732547ECA90064F184 /* Products */ = {
			isa = PBXGroup;
			children = (
				F5324B722547ECA90064F184 /* TMDBDomain.framework */,
				F5324B7B2547ECA90064F184 /* TMDBDomainTests.xctest */,
			);
			name = Products;
			sourceTree = "<group>";
		};
		F5324B742547ECA90064F184 /* TMDBDomain */ = {
			isa = PBXGroup;
			children = (
				F5324BF52547EE480064F184 /* Discover */,
				F5324B752547ECA90064F184 /* TMDBDomain.h */,
				F5324B762547ECA90064F184 /* Info.plist */,
			);
			path = TMDBDomain;
			sourceTree = "<group>";
		};
		F5324B7F2547ECA90064F184 /* TMDBDomainTests */ = {
			isa = PBXGroup;
			children = (
				F5324B802547ECA90064F184 /* TMDBDomainTests.swift */,
				F5324B822547ECA90064F184 /* Info.plist */,
			);
			path = TMDBDomainTests;
			sourceTree = "<group>";
		};
		F5324BF52547EE480064F184 /* Discover */ = {
			isa = PBXGroup;
			children = (
				F5324BF72547EE590064F184 /* DiscoverDomainRepoInterface.swift */,
				F5324BF62547EE590064F184 /* DiscoverEntity.swift */,
				F5324BF82547EE590064F184 /* DiscoverInteractor.swift */,
			);
			path = Discover;
			sourceTree = "<group>";
		};
/* End PBXGroup section */

/* Begin PBXHeadersBuildPhase section */
		F5324B6D2547ECA90064F184 /* Headers */ = {
			isa = PBXHeadersBuildPhase;
			buildActionMask = 2147483647;
			files = (
				F5324B832547ECA90064F184 /* TMDBDomain.h in Headers */,
			);
			runOnlyForDeploymentPostprocessing = 0;
		};
/* End PBXHeadersBuildPhase section */

/* Begin PBXNativeTarget section */
		F5324B712547ECA90064F184 /* TMDBDomain */ = {
			isa = PBXNativeTarget;
			buildConfigurationList = F5324B862547ECA90064F184 /* Build configuration list for PBXNativeTarget "TMDBDomain" */;
			buildPhases = (
				F5324B6D2547ECA90064F184 /* Headers */,
				F5324B6E2547ECA90064F184 /* Sources */,
				F5324B6F2547ECA90064F184 /* Frameworks */,
				F5324B702547ECA90064F184 /* Resources */,
			);
			buildRules = (
			);
			dependencies = (
			);
			name = TMDBDomain;
			productName = TMDBDomain;
			productReference = F5324B722547ECA90064F184 /* TMDBDomain.framework */;
			productType = "com.apple.product-type.framework";
		};
		F5324B7A2547ECA90064F184 /* TMDBDomainTests */ = {
			isa = PBXNativeTarget;
			buildConfigurationList = F5324B892547ECA90064F184 /* Build configuration list for PBXNativeTarget "TMDBDomainTests" */;
			buildPhases = (
				F5324B772547ECA90064F184 /* Sources */,
				F5324B782547ECA90064F184 /* Frameworks */,
				F5324B792547ECA90064F184 /* Resources */,
			);
			buildRules = (
			);
			dependencies = (
				F5324B7E2547ECA90064F184 /* PBXTargetDependency */,
			);
			name = TMDBDomainTests;
			productName = TMDBDomainTests;
			productReference = F5324B7B2547ECA90064F184 /* TMDBDomainTests.xctest */;
			productType = "com.apple.product-type.bundle.unit-test";
		};
/* End PBXNativeTarget section */

/* Begin PBXProject section */
		F5324B692547ECA90064F184 /* Project object */ = {
			isa = PBXProject;
			attributes = {
				LastSwiftUpdateCheck = 1210;
				LastUpgradeCheck = 1210;
				TargetAttributes = {
					F5324B712547ECA90064F184 = {
						CreatedOnToolsVersion = 12.1;
						LastSwiftMigration = 1210;
					};
					F5324B7A2547ECA90064F184 = {
						CreatedOnToolsVersion = 12.1;
					};
				};
			};
			buildConfigurationList = F5324B6C2547ECA90064F184 /* Build configuration list for PBXProject "TMDBDomain" */;
			compatibilityVersion = "Xcode 9.3";
			developmentRegion = en;
			hasScannedForEncodings = 0;
			knownRegions = (
				en,
				Base,
			);
			mainGroup = F5324B682547ECA90064F184;
			productRefGroup = F5324B732547ECA90064F184 /* Products */;
			projectDirPath = "";
			projectRoot = "";
			targets = (
				F5324B712547ECA90064F184 /* TMDBDomain */,
				F5324B7A2547ECA90064F184 /* TMDBDomainTests */,
			);
		};
/* End PBXProject section */

/* Begin PBXResourcesBuildPhase section */
		F5324B702547ECA90064F184 /* Resources */ = {
			isa = PBXResourcesBuildPhase;
			buildActionMask = 2147483647;
			files = (
			);
			runOnlyForDeploymentPostprocessing = 0;
		};
		F5324B792547ECA90064F184 /* Resources */ = {
			isa = PBXResourcesBuildPhase;
			buildActionMask = 2147483647;
			files = (
			);
			runOnlyForDeploymentPostprocessing = 0;
		};
/* End PBXResourcesBuildPhase section */

/* Begin PBXSourcesBuildPhase section */
		F5324B6E2547ECA90064F184 /* Sources */ = {
			isa = PBXSourcesBuildPhase;
			buildActionMask = 2147483647;
			files = (
				F5324BFB2547EE590064F184 /* DiscoverInteractor.swift in Sources */,
				F5324BFA2547EE590064F184 /* DiscoverDomainRepoInterface.swift in Sources */,
				F5324BF92547EE590064F184 /* DiscoverEntity.swift in Sources */,
			);
			runOnlyForDeploymentPostprocessing = 0;
		};
		F5324B772547ECA90064F184 /* Sources */ = {
			isa = PBXSourcesBuildPhase;
			buildActionMask = 2147483647;
			files = (
				F5324B812547ECA90064F184 /* TMDBDomainTests.swift in Sources */,
			);
			runOnlyForDeploymentPostprocessing = 0;
		};
/* End PBXSourcesBuildPhase section */

/* Begin PBXTargetDependency section */
		F5324B7E2547ECA90064F184 /* PBXTargetDependency */ = {
			isa = PBXTargetDependency;
			target = F5324B712547ECA90064F184 /* TMDBDomain */;
			targetProxy = F5324B7D2547ECA90064F184 /* PBXContainerItemProxy */;
		};
/* End PBXTargetDependency section */

/* Begin XCBuildConfiguration section */
		F5324B842547ECA90064F184 /* Debug */ = {
			isa = XCBuildConfiguration;
			buildSettings = {
				ALWAYS_SEARCH_USER_PATHS = NO;
				CLANG_ANALYZER_NONNULL = YES;
				CLANG_ANALYZER_NUMBER_OBJECT_CONVERSION = YES_AGGRESSIVE;
				CLANG_CXX_LANGUAGE_STANDARD = "gnu++14";
				CLANG_CXX_LIBRARY = "libc++";
				CLANG_ENABLE_MODULES = YES;
				CLANG_ENABLE_OBJC_ARC = YES;
				CLANG_ENABLE_OBJC_WEAK = YES;
				CLANG_WARN_BLOCK_CAPTURE_AUTORELEASING = YES;
				CLANG_WARN_BOOL_CONVERSION = YES;
				CLANG_WARN_COMMA = YES;
				CLANG_WARN_CONSTANT_CONVERSION = YES;
				CLANG_WARN_DEPRECATED_OBJC_IMPLEMENTATIONS = YES;
				CLANG_WARN_DIRECT_OBJC_ISA_USAGE = YES_ERROR;
				CLANG_WARN_DOCUMENTATION_COMMENTS = YES;
				CLANG_WARN_EMPTY_BODY = YES;
				CLANG_WARN_ENUM_CONVERSION = YES;
				CLANG_WARN_INFINITE_RECURSION = YES;
				CLANG_WARN_INT_CONVERSION = YES;
				CLANG_WARN_NON_LITERAL_NULL_CONVERSION = YES;
				CLANG_WARN_OBJC_IMPLICIT_RETAIN_SELF = YES;
				CLANG_WARN_OBJC_LITERAL_CONVERSION = YES;
				CLANG_WARN_OBJC_ROOT_CLASS = YES_ERROR;
				CLANG_WARN_QUOTED_INCLUDE_IN_FRAMEWORK_HEADER = YES;
				CLANG_WARN_RANGE_LOOP_ANALYSIS = YES;
				CLANG_WARN_STRICT_PROTOTYPES = YES;
				CLANG_WARN_SUSPICIOUS_MOVE = YES;
				CLANG_WARN_UNGUARDED_AVAILABILITY = YES_AGGRESSIVE;
				CLANG_WARN_UNREACHABLE_CODE = YES;
				CLANG_WARN__DUPLICATE_METHOD_MATCH = YES;
				COPY_PHASE_STRIP = NO;
				CURRENT_PROJECT_VERSION = 1;
				DEBUG_INFORMATION_FORMAT = dwarf;
				ENABLE_STRICT_OBJC_MSGSEND = YES;
				ENABLE_TESTABILITY = YES;
				GCC_C_LANGUAGE_STANDARD = gnu11;
				GCC_DYNAMIC_NO_PIC = NO;
				GCC_NO_COMMON_BLOCKS = YES;
				GCC_OPTIMIZATION_LEVEL = 0;
				GCC_PREPROCESSOR_DEFINITIONS = (
					"DEBUG=1",
					"$(inherited)",
				);
				GCC_WARN_64_TO_32_BIT_CONVERSION = YES;
				GCC_WARN_ABOUT_RETURN_TYPE = YES_ERROR;
				GCC_WARN_UNDECLARED_SELECTOR = YES;
				GCC_WARN_UNINITIALIZED_AUTOS = YES_AGGRESSIVE;
				GCC_WARN_UNUSED_FUNCTION = YES;
				GCC_WARN_UNUSED_VARIABLE = YES;
				IPHONEOS_DEPLOYMENT_TARGET = 14.1;
				MTL_ENABLE_DEBUG_INFO = INCLUDE_SOURCE;
				MTL_FAST_MATH = YES;
				ONLY_ACTIVE_ARCH = YES;
				SDKROOT = iphoneos;
				SWIFT_ACTIVE_COMPILATION_CONDITIONS = DEBUG;
				SWIFT_OPTIMIZATION_LEVEL = "-Onone";
				VERSIONING_SYSTEM = "apple-generic";
				VERSION_INFO_PREFIX = "";
			};
			name = Debug;
		};
		F5324B852547ECA90064F184 /* Release */ = {
			isa = XCBuildConfiguration;
			buildSettings = {
				ALWAYS_SEARCH_USER_PATHS = NO;
				CLANG_ANALYZER_NONNULL = YES;
				CLANG_ANALYZER_NUMBER_OBJECT_CONVERSION = YES_AGGRESSIVE;
				CLANG_CXX_LANGUAGE_STANDARD = "gnu++14";
				CLANG_CXX_LIBRARY = "libc++";
				CLANG_ENABLE_MODULES = YES;
				CLANG_ENABLE_OBJC_ARC = YES;
				CLANG_ENABLE_OBJC_WEAK = YES;
				CLANG_WARN_BLOCK_CAPTURE_AUTORELEASING = YES;
				CLANG_WARN_BOOL_CONVERSION = YES;
				CLANG_WARN_COMMA = YES;
				CLANG_WARN_CONSTANT_CONVERSION = YES;
				CLANG_WARN_DEPRECATED_OBJC_IMPLEMENTATIONS = YES;
				CLANG_WARN_DIRECT_OBJC_ISA_USAGE = YES_ERROR;
				CLANG_WARN_DOCUMENTATION_COMMENTS = YES;
				CLANG_WARN_EMPTY_BODY = YES;
				CLANG_WARN_ENUM_CONVERSION = YES;
				CLANG_WARN_INFINITE_RECURSION = YES;
				CLANG_WARN_INT_CONVERSION = YES;
				CLANG_WARN_NON_LITERAL_NULL_CONVERSION = YES;
				CLANG_WARN_OBJC_IMPLICIT_RETAIN_SELF = YES;
				CLANG_WARN_OBJC_LITERAL_CONVERSION = YES;
				CLANG_WARN_OBJC_ROOT_CLASS = YES_ERROR;
				CLANG_WARN_QUOTED_INCLUDE_IN_FRAMEWORK_HEADER = YES;
				CLANG_WARN_RANGE_LOOP_ANALYSIS = YES;
				CLANG_WARN_STRICT_PROTOTYPES = YES;
				CLANG_WARN_SUSPICIOUS_MOVE = YES;
				CLANG_WARN_UNGUARDED_AVAILABILITY = YES_AGGRESSIVE;
				CLANG_WARN_UNREACHABLE_CODE = YES;
				CLANG_WARN__DUPLICATE_METHOD_MATCH = YES;
				COPY_PHASE_STRIP = NO;
				CURRENT_PROJECT_VERSION = 1;
				DEBUG_INFORMATION_FORMAT = "dwarf-with-dsym";
				ENABLE_NS_ASSERTIONS = NO;
				ENABLE_STRICT_OBJC_MSGSEND = YES;
				GCC_C_LANGUAGE_STANDARD = gnu11;
				GCC_NO_COMMON_BLOCKS = YES;
				GCC_WARN_64_TO_32_BIT_CONVERSION = YES;
				GCC_WARN_ABOUT_RETURN_TYPE = YES_ERROR;
				GCC_WARN_UNDECLARED_SELECTOR = YES;
				GCC_WARN_UNINITIALIZED_AUTOS = YES_AGGRESSIVE;
				GCC_WARN_UNUSED_FUNCTION = YES;
				GCC_WARN_UNUSED_VARIABLE = YES;
				IPHONEOS_DEPLOYMENT_TARGET = 14.1;
				MTL_ENABLE_DEBUG_INFO = NO;
				MTL_FAST_MATH = YES;
				SDKROOT = iphoneos;
				SWIFT_COMPILATION_MODE = wholemodule;
				SWIFT_OPTIMIZATION_LEVEL = "-O";
				VALIDATE_PRODUCT = YES;
				VERSIONING_SYSTEM = "apple-generic";
				VERSION_INFO_PREFIX = "";
			};
			name = Release;
		};
		F5324B872547ECA90064F184 /* Debug */ = {
			isa = XCBuildConfiguration;
			buildSettings = {
				CLANG_ENABLE_MODULES = YES;
				CODE_SIGN_STYLE = Automatic;
				DEFINES_MODULE = YES;
				DEVELOPMENT_TEAM = QCBY87LF55;
				DYLIB_COMPATIBILITY_VERSION = 1;
				DYLIB_CURRENT_VERSION = 1;
				DYLIB_INSTALL_NAME_BASE = "@rpath";
				INFOPLIST_FILE = TMDBDomain/Info.plist;
				INSTALL_PATH = "$(LOCAL_LIBRARY_DIR)/Frameworks";
				LD_RUNPATH_SEARCH_PATHS = (
					"$(inherited)",
					"@executable_path/Frameworks",
					"@loader_path/Frameworks",
				);
				PRODUCT_BUNDLE_IDENTIFIER = com.MGamal.TMDBDomain;
				PRODUCT_NAME = "$(TARGET_NAME:c99extidentifier)";
				SKIP_INSTALL = YES;
				SWIFT_OPTIMIZATION_LEVEL = "-Onone";
				SWIFT_VERSION = 5.0;
				TARGETED_DEVICE_FAMILY = "1,2";
			};
			name = Debug;
		};
		F5324B882547ECA90064F184 /* Release */ = {
			isa = XCBuildConfiguration;
			buildSettings = {
				CLANG_ENABLE_MODULES = YES;
				CODE_SIGN_STYLE = Automatic;
				DEFINES_MODULE = YES;
				DEVELOPMENT_TEAM = QCBY87LF55;
				DYLIB_COMPATIBILITY_VERSION = 1;
				DYLIB_CURRENT_VERSION = 1;
				DYLIB_INSTALL_NAME_BASE = "@rpath";
				INFOPLIST_FILE = TMDBDomain/Info.plist;
				INSTALL_PATH = "$(LOCAL_LIBRARY_DIR)/Frameworks";
				LD_RUNPATH_SEARCH_PATHS = (
					"$(inherited)",
					"@executable_path/Frameworks",
					"@loader_path/Frameworks",
				);
				PRODUCT_BUNDLE_IDENTIFIER = com.MGamal.TMDBDomain;
				PRODUCT_NAME = "$(TARGET_NAME:c99extidentifier)";
				SKIP_INSTALL = YES;
				SWIFT_VERSION = 5.0;
				TARGETED_DEVICE_FAMILY = "1,2";
			};
			name = Release;
		};
		F5324B8A2547ECA90064F184 /* Debug */ = {
			isa = XCBuildConfiguration;
			buildSettings = {
				ALWAYS_EMBED_SWIFT_STANDARD_LIBRARIES = YES;
				CODE_SIGN_STYLE = Automatic;
				DEVELOPMENT_TEAM = QCBY87LF55;
				INFOPLIST_FILE = TMDBDomainTests/Info.plist;
				LD_RUNPATH_SEARCH_PATHS = (
					"$(inherited)",
					"@executable_path/Frameworks",
					"@loader_path/Frameworks",
				);
				PRODUCT_BUNDLE_IDENTIFIER = com.MGamal.TMDBDomainTests;
				PRODUCT_NAME = "$(TARGET_NAME)";
				SWIFT_VERSION = 5.0;
				TARGETED_DEVICE_FAMILY = "1,2";
			};
			name = Debug;
		};
		F5324B8B2547ECA90064F184 /* Release */ = {
			isa = XCBuildConfiguration;
			buildSettings = {
				ALWAYS_EMBED_SWIFT_STANDARD_LIBRARIES = YES;
				CODE_SIGN_STYLE = Automatic;
				DEVELOPMENT_TEAM = QCBY87LF55;
				INFOPLIST_FILE = TMDBDomainTests/Info.plist;
				LD_RUNPATH_SEARCH_PATHS = (
					"$(inherited)",
					"@executable_path/Frameworks",
					"@loader_path/Frameworks",
				);
				PRODUCT_BUNDLE_IDENTIFIER = com.MGamal.TMDBDomainTests;
				PRODUCT_NAME = "$(TARGET_NAME)";
				SWIFT_VERSION = 5.0;
				TARGETED_DEVICE_FAMILY = "1,2";
			};
			name = Release;
		};
/* End XCBuildConfiguration section */

/* Begin XCConfigurationList section */
		F5324B6C2547ECA90064F184 /* Build configuration list for PBXProject "TMDBDomain" */ = {
			isa = XCConfigurationList;
			buildConfigurations = (
				F5324B842547ECA90064F184 /* Debug */,
				F5324B852547ECA90064F184 /* Release */,
			);
			defaultConfigurationIsVisible = 0;
			defaultConfigurationName = Release;
		};
		F5324B862547ECA90064F184 /* Build configuration list for PBXNativeTarget "TMDBDomain" */ = {
			isa = XCConfigurationList;
			buildConfigurations = (
				F5324B872547ECA90064F184 /* Debug */,
				F5324B882547ECA90064F184 /* Release */,
			);
			defaultConfigurationIsVisible = 0;
			defaultConfigurationName = Release;
		};
		F5324B892547ECA90064F184 /* Build configuration list for PBXNativeTarget "TMDBDomainTests" */ = {
			isa = XCConfigurationList;
			buildConfigurations = (
				F5324B8A2547ECA90064F184 /* Debug */,
				F5324B8B2547ECA90064F184 /* Release */,
			);
			defaultConfigurationIsVisible = 0;
			defaultConfigurationName = Release;
		};
/* End XCConfigurationList section */
	};
	rootObject = F5324B692547ECA90064F184 /* Project object */;
}
